# THIS IS AN AUTOGENERATED FILE. DO NOT EDIT THIS FILE DIRECTLY.
# yarn lockfile v1


classnames@^2.2.6:
  version "2.2.6"
  resolved "https://registry.yarnpkg.com/classnames/-/classnames-2.2.6.tgz#43935bffdd291f326dad0a205309b38d00f650ce"
  integrity sha512-JR/iSQOSt+LQIWwrwEzJ9uk0xfN3mTVYMwt1Ir5mUcSN6pU+V4zQFFaJsclJbPuAUQH+yfWef6tm7l1quW3C8Q==

debounce@^1.2.0:
  version "1.2.0"
  resolved "https://registry.yarnpkg.com/debounce/-/debounce-1.2.0.tgz#44a540abc0ea9943018dc0eaa95cce87f65cd131"
  integrity sha512-mYtLl1xfZLi1m4RtQYlZgJUNQjl4ZxVnHzIR8nLLgi4q1YT8o/WM+MK/f8yfcc9s5Ir5zRaPZyZU6xs1Syoocg==

easy-bem@^1.0.2:
  version "1.0.2"
  resolved "https://registry.yarnpkg.com/easy-bem/-/easy-bem-1.0.2.tgz#3f759158c045465744900aa26ba8bd7d88d7a969"
  integrity sha512-tHtLDhcEHZIMKdiiZElQoR8TcZ/6rvcNp7//93Vx/mqNLah9BOFGhhzTUfWLJs7uxZiKMdP/KzGOtzq14DrrqQ==

vue-advanced-cropper@^0.13.2:
  version "0.13.2"
  resolved "https://registry.yarnpkg.com/vue-advanced-cropper/-/vue-advanced-cropper-0.13.2.tgz#655f1b4b9248d1ceb3c03b83cb387599b8450ce8"
  integrity sha512-gO6yKmhJDO+YP7nCT8qCrj8cm3uGkW+lnHNa/oDPctwrNywU7iAJmPNaKSEnE2/51RAlUqzbJ1Cjk08KMzHyCg==
  dependencies:
    classnames "^2.2.6"
    debounce "^1.2.0"
    easy-bem "^1.0.2"

vue@^2.6.10:
  version "2.6.10"
  resolved "https://registry.yarnpkg.com/vue/-/vue-2.6.10.tgz#a72b1a42a4d82a721ea438d1b6bf55e66195c637"
  integrity sha512-ImThpeNU9HbdZL3utgMCq0oiMzAkt1mcgy3/E6zWC/G6AaQoeuFdsl9nDhTDU3X1R6FK7nsIUuRACVcjI+A2GQ==
